
Microsoft Visual Studio Solution File, Format Version 12.00
# Visual Studio Version 17
VisualStudioVersion = 17.5.33424.131
MinimumVisualStudioVersion = 10.0.40219.1
Project("{FAE04EC0-301F-11D3-BF4B-00C04F79EFBC}") = "Working with LINQ Method Syntax", "Working with LINQ Method Syntax\Working with LINQ Method Syntax.csproj", "{1DA19DF9-611E-4780-AF3A-0F9F1966AFBE}"
EndProject
Global
	GlobalSection(SolutionConfigurationPlatforms) = preSolution
		Debug|Any CPU = Debug|Any CPU
		Release|Any CPU = Release|Any CPU
	EndGlobalSection
	GlobalSection(ProjectConfigurationPlatforms) = postSolution
		{1DA19DF9-611E-4780-AF3A-0F9F1966AFBE}.Debug|Any CPU.ActiveCfg = Debug|Any CPU
		{1DA19DF9-611E-4780-AF3A-0F9F1966AFBE}.Debug|Any CPU.Build.0 = Debug|Any CPU
		{1DA19DF9-611E-4780-AF3A-0F9F1966AFBE}.Release|Any CPU.ActiveCfg = Release|Any CPU
		{1DA19DF9-611E-4780-AF3A-0F9F1966AFBE}.Release|Any CPU.Build.0 = Release|Any CPU
	EndGlobalSection
	GlobalSection(SolutionProperties) = preSolution
		HideSolutionNode = FALSE
	EndGlobalSection
	GlobalSection(ExtensibilityGlobals) = postSolution
		SolutionGuid = {A5ACEDA2-0F2C-4CBA-A7C8-C453AC71F1D6}
	EndGlobalSection
EndGlobal
